version = 1
revision = 3
requires-python = ">=3.12"

[[package]]
name = "basedpyright"
version = "1.39.9"
source = { registry = "https://socket-firewall-registry.gateway.unified-30.internal.api.openai.org/pypi/simple/" }
dependencies = [
    { name = "nodejs-wheel-binaries" },
]
sdist = { url = "https://socket-firewall-registry.gateway.unified-30.internal.api.openai.org/pypi/packages/7a/4b/c1f4e211e50389304d6af32b9280e026a7133e3ad59bbdf8f7a3250f8bee/basedpyright-1.39.9.tar.gz", hash = "sha256:32cbea5fc8273e89df3db20daea56cb7286e419ccdfdc479c64759d2dc071901", size = 24412216, upload-time = "2026-06-27T02:19:49.834Z" }
wheels = [
    { url = "https://socket-firewall-registry.gateway.unified-30.internal.api.openai.org/pypi/packages/2a/d4/e1fa108710d0498a18c77b1e13897f31eab47c69aa8cfe2d2a4df746541e/basedpyright-1.39.9-py3-none-any.whl", hash = "sha256:6b0837b9eba972c71895167ab9b127e6afdbc17abc92312e3f8d15ca82a5611c", size = 13374276, upload-time = "2026-06-27T02:19:54.431Z" },
]

[[package]]
name = "codex-notification-watcher"
version = "0.1.0"
source = { editable = "." }

[package.dev-dependencies]
dev = [
    { name = "basedpyright" },
]

[package.metadata]

[package.metadata.requires-dev]
dev = [{ name = "basedpyright", specifier = ">=1.39,<2" }]

[[package]]
name = "nodejs-wheel-binaries"
version = "24.16.0"
source = { registry = "https://socket-firewall-registry.gateway.unified-30.internal.api.openai.org/pypi/simple/" }
sdist = { url = "https://socket-firewall-registry.gateway.unified-30.internal.api.openai.org/pypi/packages/a3/22/2a5beb4e21417c73233d9f65cf6f3e96e891b80d2f550a8f630ebc6b88c6/nodejs_wheel_binaries-24.16.0.tar.gz", hash = "sha256:c973cb69dc5fd16e6f6dc6e579e2c3d5534e2a1f57619dddf5ba070efa7dde37", size = 8056, upload-time = "2026-05-30T16:52:09.807Z" }
wheels = [
    { url = "https://socket-firewall-registry.gateway.unified-30.internal.api.openai.org/pypi/packages/83/d1/68b43b53cd0fa83ae6fd406705023ca988d9e0ca41c724d82e66fbeb2ef6/nodejs_wheel_binaries-24.16.0-py2.py3-none-macosx_13_0_arm64.whl", hash = "sha256:d9f8f677dcf30e37ac244f07869726abe043f01eb0f45722b1df31cc2af7093c", size = 55666374, upload-time = "2026-05-30T16:51:39.588Z" },
    { url = "https://socket-firewall-registry.gateway.unified-30.internal.api.openai.org/pypi/packages/e9/b2/40a989159599080da485de966c4c2d207e852ac7aa7864702626d96c8bf5/nodejs_wheel_binaries-24.16.0-py2.py3-none-macosx_13_0_x86_64.whl", hash = "sha256:3d0370fe7120ce9697a4f60d40480d2bd8808d9f30131458d5afc0040d4e5a51", size = 55838487, upload-time = "2026-05-30T16:51:43.383Z" },
    { url = "https://socket-firewall-registry.gateway.unified-30.internal.api.openai.org/pypi/packages/d7/a7/cd42174fb5ff6faff7fa8d326a18914d8f232098ab5de055b57c16fa13ca/nodejs_wheel_binaries-24.16.0-py2.py3-none-manylinux_2_28_aarch64.whl", hash = "sha256:85dc92bbb79c851569c5925dcc2a4c915a034efab375f99e4e7e6bbe9cca8342", size = 60179540, upload-time = "2026-05-30T16:51:47.036Z" },
    { url = "https://socket-firewall-registry.gateway.unified-30.internal.api.openai.org/pypi/packages/2b/95/c8a1f9ae140aa28df8744d984d01d4b3af7cdd6555af12127f40ceb45a7d/nodejs_wheel_binaries-24.16.0-py2.py3-none-manylinux_2_28_x86_64.whl", hash = "sha256:2f3036292811514ba847b3708492644764f88a833ac425c5f55007014308ddfd", size = 60716262, upload-time = "2026-05-30T16:51:50.711Z" },
    { url = "https://socket-firewall-registry.gateway.unified-30.internal.api.openai.org/pypi/packages/64/c9/7c35b3737f59e36d0249c265397b7bff570519b95301d6e16ea361e904ad/nodejs_wheel_binaries-24.16.0-py2.py3-none-musllinux_1_2_aarch64.whl", hash = "sha256:db8a8a76ebd2b28ecbfc9ad464baa3707241b9e050a30e2efdf6f60c0f886502", size = 62230592, upload-time = "2026-05-30T16:51:55Z" },
    { url = "https://socket-firewall-registry.gateway.unified-30.internal.api.openai.org/pypi/packages/04/96/d931255cf9d11a84d6b54d882dba7434646467d568ccf070ea3418638df3/nodejs_wheel_binaries-24.16.0-py2.py3-none-musllinux_1_2_x86_64.whl", hash = "sha256:f1a3d8f7b4491cbbd023ba3fc4e901fcca2d9fb80d57f24ba3890de8b1dbac03", size = 62841759, upload-time = "2026-05-30T16:51:59.407Z" },
    { url = "https://socket-firewall-registry.gateway.unified-30.internal.api.openai.org/pypi/packages/a2/7b/8b7a3f41bc255411be30b6d7d288aab8ffd9ea2055db8555ced3548007b9/nodejs_wheel_binaries-24.16.0-py2.py3-none-win_amd64.whl", hash = "sha256:bb136be9944f0662dcf1120f45193a6b75b13fac378971a95cc42c9f879a81aa", size = 42027734, upload-time = "2026-05-30T16:52:03.348Z" },
    { url = "https://socket-firewall-registry.gateway.unified-30.internal.api.openai.org/pypi/packages/17/66/1ed71f1f529b8ca727d42c7ceb9db0bef145ce4a13dfc86fb50aa44f3be6/nodejs_wheel_binaries-24.16.0-py2.py3-none-win_arm64.whl", hash = "sha256:8308940b5edd0a50dc5267ea36ba21c9f668e83fe0d9f293937174d3a7e31c36", size = 39714528, upload-time = "2026-05-30T16:52:06.421Z" },
]
